Microsoft Visual Studio Solution File, Format Version 12.00
# Visual Studio Version 17
VisualStudioVersion = 17.5.2.0
MinimumVisualStudioVersion = 10.0.40219.1
Project("{FAE04EC0-301F-11D3-BF4B-00C04F79EFBC}") = "MyAiApi", "MyAiApi\MyAiApi.csproj", "{04C890D3-E755-6023-BAB4-9A1F6EED575B}"
EndProject
Global
	GlobalSection(SolutionConfigurationPlatforms) = preSolution
		Debug|Any CPU = Debug|Any CPU
		Release|Any CPU = Release|Any CPU
	EndGlobalSection
	GlobalSection(ProjectConfigurationPlatforms) = postSolution
		{04C890D3-E755-6023-BAB4-9A1F6EED575B}.Debug|Any CPU.ActiveCfg = Debug|Any CPU
		{04C890D3-E755-6023-BAB4-9A1F6EED575B}.Debug|Any CPU.Build.0 = Debug|Any CPU
		{04C890D3-E755-6023-BAB4-9A1F6EED575B}.Release|Any CPU.ActiveCfg = Release|Any CPU
		{04C890D3-E755-6023-BAB4-9A1F6EED575B}.Release|Any CPU.Build.0 = Release|Any CPU
	EndGlobalSection
	GlobalSection(SolutionProperties) = preSolution
		HideSolutionNode = FALSE
	EndGlobalSection
	GlobalSection(ExtensibilityGlobals) = postSolution
		SolutionGuid = {F17C36C1-4FD7-4A20-813D-806B85E05F36}
	EndGlobalSection
EndGlobal
