
Microsoft Visual Studio Solution File, Format Version 12.00
# Visual Studio Version 17
VisualStudioVersion = 17.5.2.0
MinimumVisualStudioVersion = 10.0.40219.1
Project("{FAE04EC0-301F-11D3-BF4B-00C04F79EFBC}") = "MyAiApi", "MyAiApi\MyAiApi.csproj", "{04C890D3-E755-6023-BAB4-9A1F6EED575B}"
EndProject
Project("{FAE04EC0-301F-11D3-BF4B-00C04F79EFBC}") = "MyFileWatcher", "MyFileWatcher\MyFileWatcher.csproj", "{94F83578-C995-4863-8D72-F816321CFE45}"
EndProject
Project("{FAE04EC0-301F-11D3-BF4B-00C04F79EFBC}") = "AiCli", "AiCli\AiCli.csproj", "{9F670048-B251-4D36-BE35-A0A2D869EF98}"
EndProject
Global
	GlobalSection(SolutionConfigurationPlatforms) = preSolution
		Debug|Any CPU = Debug|Any CPU
		Debug|x64 = Debug|x64
		Debug|x86 = Debug|x86
		Release|Any CPU = Release|Any CPU
		Release|x64 = Release|x64
		Release|x86 = Release|x86
	EndGlobalSection
	GlobalSection(ProjectConfigurationPlatforms) = postSolution
		{04C890D3-E755-6023-BAB4-9A1F6EED575B}.Debug|Any CPU.ActiveCfg = Debug|Any CPU
		{04C890D3-E755-6023-BAB4-9A1F6EED575B}.Debug|Any CPU.Build.0 = Debug|Any CPU
		{04C890D3-E755-6023-BAB4-9A1F6EED575B}.Debug|x64.ActiveCfg = Debug|Any CPU
		{04C890D3-E755-6023-BAB4-9A1F6EED575B}.Debug|x64.Build.0 = Debug|Any CPU
		{04C890D3-E755-6023-BAB4-9A1F6EED575B}.Debug|x86.ActiveCfg = Debug|Any CPU
		{04C890D3-E755-6023-BAB4-9A1F6EED575B}.Debug|x86.Build.0 = Debug|Any CPU
		{04C890D3-E755-6023-BAB4-9A1F6EED575B}.Release|Any CPU.ActiveCfg = Release|Any CPU
		{04C890D3-E755-6023-BAB4-9A1F6EED575B}.Release|Any CPU.Build.0 = Release|Any CPU
		{04C890D3-E755-6023-BAB4-9A1F6EED575B}.Release|x64.ActiveCfg = Release|Any CPU
		{04C890D3-E755-6023-BAB4-9A1F6EED575B}.Release|x64.Build.0 = Release|Any CPU
		{04C890D3-E755-6023-BAB4-9A1F6EED575B}.Release|x86.ActiveCfg = Release|Any CPU
		{04C890D3-E755-6023-BAB4-9A1F6EED575B}.Release|x86.Build.0 = Release|Any CPU
		{94F83578-C995-4863-8D72-F816321CFE45}.Debug|Any CPU.ActiveCfg = Debug|Any CPU
		{94F83578-C995-4863-8D72-F816321CFE45}.Debug|Any CPU.Build.0 = Debug|Any CPU
		{94F83578-C995-4863-8D72-F816321CFE45}.Debug|x64.ActiveCfg = Debug|Any CPU
		{94F83578-C995-4863-8D72-F816321CFE45}.Debug|x64.Build.0 = Debug|Any CPU
		{94F83578-C995-4863-8D72-F816321CFE45}.Debug|x86.ActiveCfg = Debug|Any CPU
		{94F83578-C995-4863-8D72-F816321CFE45}.Debug|x86.Build.0 = Debug|Any CPU
		{94F83578-C995-4863-8D72-F816321CFE45}.Release|Any CPU.ActiveCfg = Release|Any CPU
		{94F83578-C995-4863-8D72-F816321CFE45}.Release|Any CPU.Build.0 = Release|Any CPU
		{94F83578-C995-4863-8D72-F816321CFE45}.Release|x64.ActiveCfg = Release|Any CPU
		{94F83578-C995-4863-8D72-F816321CFE45}.Release|x64.Build.0 = Release|Any CPU
		{94F83578-C995-4863-8D72-F816321CFE45}.Release|x86.ActiveCfg = Release|Any CPU
		{94F83578-C995-4863-8D72-F816321CFE45}.Release|x86.Build.0 = Release|Any CPU
		{9F670048-B251-4D36-BE35-A0A2D869EF98}.Debug|Any CPU.ActiveCfg = Debug|Any CPU
		{9F670048-B251-4D36-BE35-A0A2D869EF98}.Debug|Any CPU.Build.0 = Debug|Any CPU
		{9F670048-B251-4D36-BE35-A0A2D869EF98}.Debug|x64.ActiveCfg = Debug|Any CPU
		{9F670048-B251-4D36-BE35-A0A2D869EF98}.Debug|x64.Build.0 = Debug|Any CPU
		{9F670048-B251-4D36-BE35-A0A2D869EF98}.Debug|x86.ActiveCfg = Debug|Any CPU
		{9F670048-B251-4D36-BE35-A0A2D869EF98}.Debug|x86.Build.0 = Debug|Any CPU
		{9F670048-B251-4D36-BE35-A0A2D869EF98}.Release|Any CPU.ActiveCfg = Release|Any CPU
		{9F670048-B251-4D36-BE35-A0A2D869EF98}.Release|Any CPU.Build.0 = Release|Any CPU
		{9F670048-B251-4D36-BE35-A0A2D869EF98}.Release|x64.ActiveCfg = Release|Any CPU
		{9F670048-B251-4D36-BE35-A0A2D869EF98}.Release|x64.Build.0 = Release|Any CPU
		{9F670048-B251-4D36-BE35-A0A2D869EF98}.Release|x86.ActiveCfg = Release|Any CPU
		{9F670048-B251-4D36-BE35-A0A2D869EF98}.Release|x86.Build.0 = Release|Any CPU
	EndGlobalSection
	GlobalSection(SolutionProperties) = preSolution
		HideSolutionNode = FALSE
	EndGlobalSection
	GlobalSection(ExtensibilityGlobals) = postSolution
		SolutionGuid = {F17C36C1-4FD7-4A20-813D-806B85E05F36}
	EndGlobalSection
EndGlobal
